
Microsoft Visual Studio Solution File, Format Version 12.00
# Visual Studio Version 17
VisualStudioVersion = 17.1.32210.238
MinimumVisualStudioVersion = 10.0.40219.1
Project("{FAE04EC0-301F-11D3-BF4B-00C04F79EFBC}") = "Server", "Server\Server.csproj", "{019281F8-1EE3-4159-B317-A0A1E59CD09E}"
EndProject
Project("{FAE04EC0-301F-11D3-BF4B-00C04F79EFBC}") = "Client.UWP", "Client\Client.UWP\Client.UWP.csproj", "{C0F42F3D-34AA-4F71-ABAE-CD0EE1EDAD9E}"
EndProject
Project("{FAE04EC0-301F-11D3-BF4B-00C04F79EFBC}") = "Client.Android", "Client\Client.Android\Client.Android.csproj", "{8E367019-5F9D-4B11-A68F-2562D55036FB}"
EndProject
Project("{FAE04EC0-301F-11D3-BF4B-00C04F79EFBC}") = "Client.iOS", "Client\Client.iOS\Client.iOS.csproj", "{A3C224A2-7CF7-4AEE-B261-E377409E5C0A}"
EndProject
Project("{FAE04EC0-301F-11D3-BF4B-00C04F79EFBC}") = "Client", "Client\Client\Client.csproj", "{9954A0F2-4F96-4360-981E-04634E08F71F}"
EndProject
Global
	GlobalSection(SolutionConfigurationPlatforms) = preSolution
		Debug|Any CPU = Debug|Any CPU
		Debug|ARM = Debug|ARM
		Debug|iPhone = Debug|iPhone
		Debug|iPhoneSimulator = Debug|iPhoneSimulator
		Debug|x64 = Debug|x64
		Debug|x86 = Debug|x86
		Release|Any CPU = Release|Any CPU
		Release|ARM = Release|ARM
		Release|iPhone = Release|iPhone
		Release|iPhoneSimulator = Release|iPhoneSimulator
		Release|x64 = Release|x64
		Release|x86 = Release|x86
	EndGlobalSection
	GlobalSection(ProjectConfigurationPlatforms) = postSolution
		{019281F8-1EE3-4159-B317-A0A1E59CD09E}.Debug|Any CPU.ActiveCfg = Debug|Any CPU
		{019281F8-1EE3-4159-B317-A0A1E59CD09E}.Debug|Any CPU.Build.0 = Debug|Any CPU
		{019281F8-1EE3-4159-B317-A0A1E59CD09E}.Debug|ARM.ActiveCfg = Debug|Any CPU
		{019281F8-1EE3-4159-B317-A0A1E59CD09E}.Debug|ARM.Build.0 = Debug|Any CPU
		{019281F8-1EE3-4159-B317-A0A1E59CD09E}.Debug|iPhone.ActiveCfg = Debug|Any CPU
		{019281F8-1EE3-4159-B317-A0A1E59CD09E}.Debug|iPhone.Build.0 = Debug|Any CPU
		{019281F8-1EE3-4159-B317-A0A1E59CD09E}.Debug|iPhoneSimulator.ActiveCfg = Debug|Any CPU
		{019281F8-1EE3-4159-B317-A0A1E59CD09E}.Debug|iPhoneSimulator.Build.0 = Debug|Any CPU
		{019281F8-1EE3-4159-B317-A0A1E59CD09E}.Debug|x64.ActiveCfg = Debug|Any CPU
		{019281F8-1EE3-4159-B317-A0A1E59CD09E}.Debug|x64.Build.0 = Debug|Any CPU
		{019281F8-1EE3-4159-B317-A0A1E59CD09E}.Debug|x86.ActiveCfg = Debug|Any CPU
		{019281F8-1EE3-4159-B317-A0A1E59CD09E}.Debug|x86.Build.0 = Debug|Any CPU
		{019281F8-1EE3-4159-B317-A0A1E59CD09E}.Release|Any CPU.ActiveCfg = Release|Any CPU
		{019281F8-1EE3-4159-B317-A0A1E59CD09E}.Release|Any CPU.Build.0 = Release|Any CPU
		{019281F8-1EE3-4159-B317-A0A1E59CD09E}.Release|ARM.ActiveCfg = Release|Any CPU
		{019281F8-1EE3-4159-B317-A0A1E59CD09E}.Release|ARM.Build.0 = Release|Any CPU
		{019281F8-1EE3-4159-B317-A0A1E59CD09E}.Release|iPhone.ActiveCfg = Release|Any CPU
		{019281F8-1EE3-4159-B317-A0A1E59CD09E}.Release|iPhone.Build.0 = Release|Any CPU
		{019281F8-1EE3-4159-B317-A0A1E59CD09E}.Release|iPhoneSimulator.ActiveCfg = Release|Any CPU
		{019281F8-1EE3-4159-B317-A0A1E59CD09E}.Release|iPhoneSimulator.Build.0 = Release|Any CPU
		{019281F8-1EE3-4159-B317-A0A1E59CD09E}.Release|x64.ActiveCfg = Release|Any CPU
		{019281F8-1EE3-4159-B317-A0A1E59CD09E}.Release|x64.Build.0 = Release|Any CPU
		{019281F8-1EE3-4159-B317-A0A1E59CD09E}.Release|x86.ActiveCfg = Release|Any CPU
		{019281F8-1EE3-4159-B317-A0A1E59CD09E}.Release|x86.Build.0 = Release|Any CPU
		{C0F42F3D-34AA-4F71-ABAE-CD0EE1EDAD9E}.Debug|Any CPU.ActiveCfg = Debug|x64
		{C0F42F3D-34AA-4F71-ABAE-CD0EE1EDAD9E}.Debug|Any CPU.Build.0 = Debug|x64
		{C0F42F3D-34AA-4F71-ABAE-CD0EE1EDAD9E}.Debug|Any CPU.Deploy.0 = Debug|x64
		{C0F42F3D-34AA-4F71-ABAE-CD0EE1EDAD9E}.Debug|ARM.ActiveCfg = Debug|ARM
		{C0F42F3D-34AA-4F71-ABAE-CD0EE1EDAD9E}.Debug|ARM.Build.0 = Debug|ARM
		{C0F42F3D-34AA-4F71-ABAE-CD0EE1EDAD9E}.Debug|ARM.Deploy.0 = Debug|ARM
		{C0F42F3D-34AA-4F71-ABAE-CD0EE1EDAD9E}.Debug|iPhone.ActiveCfg = Debug|x64
		{C0F42F3D-34AA-4F71-ABAE-CD0EE1EDAD9E}.Debug|iPhone.Build.0 = Debug|x64
		{C0F42F3D-34AA-4F71-ABAE-CD0EE1EDAD9E}.Debug|iPhone.Deploy.0 = Debug|x64
		{C0F42F3D-34AA-4F71-ABAE-CD0EE1EDAD9E}.Debug|iPhoneSimulator.ActiveCfg = Debug|x64
		{C0F42F3D-34AA-4F71-ABAE-CD0EE1EDAD9E}.Debug|iPhoneSimulator.Build.0 = Debug|x64
		{C0F42F3D-34AA-4F71-ABAE-CD0EE1EDAD9E}.Debug|iPhoneSimulator.Deploy.0 = Debug|x64
		{C0F42F3D-34AA-4F71-ABAE-CD0EE1EDAD9E}.Debug|x64.ActiveCfg = Debug|x64
		{C0F42F3D-34AA-4F71-ABAE-CD0EE1EDAD9E}.Debug|x64.Build.0 = Debug|x64
		{C0F42F3D-34AA-4F71-ABAE-CD0EE1EDAD9E}.Debug|x64.Deploy.0 = Debug|x64
		{C0F42F3D-34AA-4F71-ABAE-CD0EE1EDAD9E}.Debug|x86.ActiveCfg = Debug|x86
		{C0F42F3D-34AA-4F71-ABAE-CD0EE1EDAD9E}.Debug|x86.Build.0 = Debug|x86
		{C0F42F3D-34AA-4F71-ABAE-CD0EE1EDAD9E}.Debug|x86.Deploy.0 = Debug|x86
		{C0F42F3D-34AA-4F71-ABAE-CD0EE1EDAD9E}.Release|Any CPU.ActiveCfg = Release|x64
		{C0F42F3D-34AA-4F71-ABAE-CD0EE1EDAD9E}.Release|Any CPU.Build.0 = Release|x64
		{C0F42F3D-34AA-4F71-ABAE-CD0EE1EDAD9E}.Release|Any CPU.Deploy.0 = Release|x64
		{C0F42F3D-34AA-4F71-ABAE-CD0EE1EDAD9E}.Release|ARM.ActiveCfg = Release|ARM
		{C0F42F3D-34AA-4F71-ABAE-CD0EE1EDAD9E}.Release|ARM.Build.0 = Release|ARM
		{C0F42F3D-34AA-4F71-ABAE-CD0EE1EDAD9E}.Release|ARM.Deploy.0 = Release|ARM
		{C0F42F3D-34AA-4F71-ABAE-CD0EE1EDAD9E}.Release|iPhone.ActiveCfg = Release|x64
		{C0F42F3D-34AA-4F71-ABAE-CD0EE1EDAD9E}.Release|iPhone.Build.0 = Release|x64
		{C0F42F3D-34AA-4F71-ABAE-CD0EE1EDAD9E}.Release|iPhone.Deploy.0 = Release|x64
		{C0F42F3D-34AA-4F71-ABAE-CD0EE1EDAD9E}.Release|iPhoneSimulator.ActiveCfg = Release|x64
		{C0F42F3D-34AA-4F71-ABAE-CD0EE1EDAD9E}.Release|iPhoneSimulator.Build.0 = Release|x64
		{C0F42F3D-34AA-4F71-ABAE-CD0EE1EDAD9E}.Release|iPhoneSimulator.Deploy.0 = Release|x64
		{C0F42F3D-34AA-4F71-ABAE-CD0EE1EDAD9E}.Release|x64.ActiveCfg = Release|x64
		{C0F42F3D-34AA-4F71-ABAE-CD0EE1EDAD9E}.Release|x64.Build.0 = Release|x64
		{C0F42F3D-34AA-4F71-ABAE-CD0EE1EDAD9E}.Release|x64.Deploy.0 = Release|x64
		{C0F42F3D-34AA-4F71-ABAE-CD0EE1EDAD9E}.Release|x86.ActiveCfg = Release|x86
		{C0F42F3D-34AA-4F71-ABAE-CD0EE1EDAD9E}.Release|x86.Build.0 = Release|x86
		{C0F42F3D-34AA-4F71-ABAE-CD0EE1EDAD9E}.Release|x86.Deploy.0 = Release|x86
		{8E367019-5F9D-4B11-A68F-2562D55036FB}.Debug|Any CPU.ActiveCfg = Debug|Any CPU
		{8E367019-5F9D-4B11-A68F-2562D55036FB}.Debug|Any CPU.Build.0 = Debug|Any CPU
		{8E367019-5F9D-4B11-A68F-2562D55036FB}.Debug|Any CPU.Deploy.0 = Debug|Any CPU
		{8E367019-5F9D-4B11-A68F-2562D55036FB}.Debug|ARM.ActiveCfg = Debug|Any CPU
		{8E367019-5F9D-4B11-A68F-2562D55036FB}.Debug|ARM.Build.0 = Debug|Any CPU
		{8E367019-5F9D-4B11-A68F-2562D55036FB}.Debug|ARM.Deploy.0 = Debug|Any CPU
		{8E367019-5F9D-4B11-A68F-2562D55036FB}.Debug|iPhone.ActiveCfg = Debug|Any CPU
		{8E367019-5F9D-4B11-A68F-2562D55036FB}.Debug|iPhone.Build.0 = Debug|Any CPU
		{8E367019-5F9D-4B11-A68F-2562D55036FB}.Debug|iPhone.Deploy.0 = Debug|Any CPU
		{8E367019-5F9D-4B11-A68F-2562D55036FB}.Debug|iPhoneSimulator.ActiveCfg = Debug|Any CPU
		{8E367019-5F9D-4B11-A68F-2562D55036FB}.Debug|iPhoneSimulator.Build.0 = Debug|Any CPU
		{8E367019-5F9D-4B11-A68F-2562D55036FB}.Debug|iPhoneSimulator.Deploy.0 = Debug|Any CPU
		{8E367019-5F9D-4B11-A68F-2562D55036FB}.Debug|x64.ActiveCfg = Debug|Any CPU
		{8E367019-5F9D-4B11-A68F-2562D55036FB}.Debug|x64.Build.0 = Debug|Any CPU
		{8E367019-5F9D-4B11-A68F-2562D55036FB}.Debug|x64.Deploy.0 = Debug|Any CPU
		{8E367019-5F9D-4B11-A68F-2562D55036FB}.Debug|x86.ActiveCfg = Debug|Any CPU
		{8E367019-5F9D-4B11-A68F-2562D55036FB}.Debug|x86.Build.0 = Debug|Any CPU
		{8E367019-5F9D-4B11-A68F-2562D55036FB}.Debug|x86.Deploy.0 = Debug|Any CPU
		{8E367019-5F9D-4B11-A68F-2562D55036FB}.Release|Any CPU.ActiveCfg = Release|Any CPU
		{8E367019-5F9D-4B11-A68F-2562D55036FB}.Release|Any CPU.Build.0 = Release|Any CPU
		{8E367019-5F9D-4B11-A68F-2562D55036FB}.Release|Any CPU.Deploy.0 = Release|Any CPU
		{8E367019-5F9D-4B11-A68F-2562D55036FB}.Release|ARM.ActiveCfg = Release|Any CPU
		{8E367019-5F9D-4B11-A68F-2562D55036FB}.Release|ARM.Build.0 = Release|Any CPU
		{8E367019-5F9D-4B11-A68F-2562D55036FB}.Release|ARM.Deploy.0 = Release|Any CPU
		{8E367019-5F9D-4B11-A68F-2562D55036FB}.Release|iPhone.ActiveCfg = Release|Any CPU
		{8E367019-5F9D-4B11-A68F-2562D55036FB}.Release|iPhone.Build.0 = Release|Any CPU
		{8E367019-5F9D-4B11-A68F-2562D55036FB}.Release|iPhone.Deploy.0 = Release|Any CPU
		{8E367019-5F9D-4B11-A68F-2562D55036FB}.Release|iPhoneSimulator.ActiveCfg = Release|Any CPU
		{8E367019-5F9D-4B11-A68F-2562D55036FB}.Release|iPhoneSimulator.Build.0 = Release|Any CPU
		{8E367019-5F9D-4B11-A68F-2562D55036FB}.Release|iPhoneSimulator.Deploy.0 = Release|Any CPU
		{8E367019-5F9D-4B11-A68F-2562D55036FB}.Release|x64.ActiveCfg = Release|Any CPU
		{8E367019-5F9D-4B11-A68F-2562D55036FB}.Release|x64.Build.0 = Release|Any CPU
		{8E367019-5F9D-4B11-A68F-2562D55036FB}.Release|x64.Deploy.0 = Release|Any CPU
		{8E367019-5F9D-4B11-A68F-2562D55036FB}.Release|x86.ActiveCfg = Release|Any CPU
		{8E367019-5F9D-4B11-A68F-2562D55036FB}.Release|x86.Build.0 = Release|Any CPU
		{8E367019-5F9D-4B11-A68F-2562D55036FB}.Release|x86.Deploy.0 = Release|Any CPU
		{A3C224A2-7CF7-4AEE-B261-E377409E5C0A}.Debug|Any CPU.ActiveCfg = Debug|iPhoneSimulator
		{A3C224A2-7CF7-4AEE-B261-E377409E5C0A}.Debug|Any CPU.Build.0 = Debug|iPhoneSimulator
		{A3C224A2-7CF7-4AEE-B261-E377409E5C0A}.Debug|ARM.ActiveCfg = Debug|iPhoneSimulator
		{A3C224A2-7CF7-4AEE-B261-E377409E5C0A}.Debug|ARM.Build.0 = Debug|iPhoneSimulator
		{A3C224A2-7CF7-4AEE-B261-E377409E5C0A}.Debug|iPhone.ActiveCfg = Debug|iPhone
		{A3C224A2-7CF7-4AEE-B261-E377409E5C0A}.Debug|iPhone.Build.0 = Debug|iPhone
		{A3C224A2-7CF7-4AEE-B261-E377409E5C0A}.Debug|iPhoneSimulator.ActiveCfg = Debug|iPhoneSimulator
		{A3C224A2-7CF7-4AEE-B261-E377409E5C0A}.Debug|iPhoneSimulator.Build.0 = Debug|iPhoneSimulator
		{A3C224A2-7CF7-4AEE-B261-E377409E5C0A}.Debug|x64.ActiveCfg = Debug|iPhoneSimulator
		{A3C224A2-7CF7-4AEE-B261-E377409E5C0A}.Debug|x64.Build.0 = Debug|iPhoneSimulator
		{A3C224A2-7CF7-4AEE-B261-E377409E5C0A}.Debug|x86.ActiveCfg = Debug|iPhoneSimulator
		{A3C224A2-7CF7-4AEE-B261-E377409E5C0A}.Debug|x86.Build.0 = Debug|iPhoneSimulator
		{A3C224A2-7CF7-4AEE-B261-E377409E5C0A}.Release|Any CPU.ActiveCfg = Release|iPhoneSimulator
		{A3C224A2-7CF7-4AEE-B261-E377409E5C0A}.Release|Any CPU.Build.0 = Release|iPhoneSimulator
		{A3C224A2-7CF7-4AEE-B261-E377409E5C0A}.Release|ARM.ActiveCfg = Release|iPhoneSimulator
		{A3C224A2-7CF7-4AEE-B261-E377409E5C0A}.Release|ARM.Build.0 = Release|iPhoneSimulator
		{A3C224A2-7CF7-4AEE-B261-E377409E5C0A}.Release|iPhone.ActiveCfg = Release|iPhone
		{A3C224A2-7CF7-4AEE-B261-E377409E5C0A}.Release|iPhone.Build.0 = Release|iPhone
		{A3C224A2-7CF7-4AEE-B261-E377409E5C0A}.Release|iPhoneSimulator.ActiveCfg = Release|iPhoneSimulator
		{A3C224A2-7CF7-4AEE-B261-E377409E5C0A}.Release|iPhoneSimulator.Build.0 = Release|iPhoneSimulator
		{A3C224A2-7CF7-4AEE-B261-E377409E5C0A}.Release|x64.ActiveCfg = Release|iPhoneSimulator
		{A3C224A2-7CF7-4AEE-B261-E377409E5C0A}.Release|x64.Build.0 = Release|iPhoneSimulator
		{A3C224A2-7CF7-4AEE-B261-E377409E5C0A}.Release|x86.ActiveCfg = Release|iPhoneSimulator
		{A3C224A2-7CF7-4AEE-B261-E377409E5C0A}.Release|x86.Build.0 = Release|iPhoneSimulator
		{9954A0F2-4F96-4360-981E-04634E08F71F}.Debug|Any CPU.ActiveCfg = Debug|Any CPU
		{9954A0F2-4F96-4360-981E-04634E08F71F}.Debug|Any CPU.Build.0 = Debug|Any CPU
		{9954A0F2-4F96-4360-981E-04634E08F71F}.Debug|ARM.ActiveCfg = Debug|Any CPU
		{9954A0F2-4F96-4360-981E-04634E08F71F}.Debug|ARM.Build.0 = Debug|Any CPU
		{9954A0F2-4F96-4360-981E-04634E08F71F}.Debug|iPhone.ActiveCfg = Debug|Any CPU
		{9954A0F2-4F96-4360-981E-04634E08F71F}.Debug|iPhone.Build.0 = Debug|Any CPU
		{9954A0F2-4F96-4360-981E-04634E08F71F}.Debug|iPhoneSimulator.ActiveCfg = Debug|Any CPU
		{9954A0F2-4F96-4360-981E-04634E08F71F}.Debug|iPhoneSimulator.Build.0 = Debug|Any CPU
		{9954A0F2-4F96-4360-981E-04634E08F71F}.Debug|x64.ActiveCfg = Debug|Any CPU
		{9954A0F2-4F96-4360-981E-04634E08F71F}.Debug|x64.Build.0 = Debug|Any CPU
		{9954A0F2-4F96-4360-981E-04634E08F71F}.Debug|x86.ActiveCfg = Debug|Any CPU
		{9954A0F2-4F96-4360-981E-04634E08F71F}.Debug|x86.Build.0 = Debug|Any CPU
		{9954A0F2-4F96-4360-981E-04634E08F71F}.Release|Any CPU.ActiveCfg = Release|Any CPU
		{9954A0F2-4F96-4360-981E-04634E08F71F}.Release|Any CPU.Build.0 = Release|Any CPU
		{9954A0F2-4F96-4360-981E-04634E08F71F}.Release|ARM.ActiveCfg = Release|Any CPU
		{9954A0F2-4F96-4360-981E-04634E08F71F}.Release|ARM.Build.0 = Release|Any CPU
		{9954A0F2-4F96-4360-981E-04634E08F71F}.Release|iPhone.ActiveCfg = Release|Any CPU
		{9954A0F2-4F96-4360-981E-04634E08F71F}.Release|iPhone.Build.0 = Release|Any CPU
		{9954A0F2-4F96-4360-981E-04634E08F71F}.Release|iPhoneSimulator.ActiveCfg = Release|Any CPU
		{9954A0F2-4F96-4360-981E-04634E08F71F}.Release|iPhoneSimulator.Build.0 = Release|Any CPU
		{9954A0F2-4F96-4360-981E-04634E08F71F}.Release|x64.ActiveCfg = Release|Any CPU
		{9954A0F2-4F96-4360-981E-04634E08F71F}.Release|x64.Build.0 = Release|Any CPU
		{9954A0F2-4F96-4360-981E-04634E08F71F}.Release|x86.ActiveCfg = Release|Any CPU
		{9954A0F2-4F96-4360-981E-04634E08F71F}.Release|x86.Build.0 = Release|Any CPU
	EndGlobalSection
	GlobalSection(SolutionProperties) = preSolution
		HideSolutionNode = FALSE
	EndGlobalSection
	GlobalSection(ExtensibilityGlobals) = postSolution
		SolutionGuid = {A7349A0B-992A-4D18-9BFF-7D06CD93E018}
	EndGlobalSection
EndGlobal
